
Microsoft Visual Studio Solution File, Format Version 12.00
# Visual Studio Version 16
VisualStudioVersion = 16.0.30804.86
MinimumVisualStudioVersion = 10.0.40219.1
Project("{9A19103F-16F7-4668-BE54-9A1E7A4F7556}") = "Easy-Licensing-GUI", "Easy-Licensing-GUI.csproj", "{3C95A4E7-92B9-4964-8DB5-DECC1CBF806C}"
EndProject
Project("{9A19103F-16F7-4668-BE54-9A1E7A4F7556}") = "Easy Licensing", "Easy-Licensing\Easy Licensing.csproj", "{829CAA74-5E0A-4DFA-A56B-0C374D05F3FF}"
EndProject
Global
	GlobalSection(SolutionConfigurationPlatforms) = preSolution
		Debug|Any CPU = Debug|Any CPU
		Release|Any CPU = Release|Any CPU
	EndGlobalSection
	GlobalSection(ProjectConfigurationPlatforms) = postSolution
		{3C95A4E7-92B9-4964-8DB5-DECC1CBF806C}.Debug|Any CPU.ActiveCfg = Debug|Any CPU
		{3C95A4E7-92B9-4964-8DB5-DECC1CBF806C}.Debug|Any CPU.Build.0 = Debug|Any CPU
		{3C95A4E7-92B9-4964-8DB5-DECC1CBF806C}.Release|Any CPU.ActiveCfg = Release|Any CPU
		{3C95A4E7-92B9-4964-8DB5-DECC1CBF806C}.Release|Any CPU.Build.0 = Release|Any CPU
		{829CAA74-5E0A-4DFA-A56B-0C374D05F3FF}.Debug|Any CPU.ActiveCfg = Debug|Any CPU
		{829CAA74-5E0A-4DFA-A56B-0C374D05F3FF}.Debug|Any CPU.Build.0 = Debug|Any CPU
		{829CAA74-5E0A-4DFA-A56B-0C374D05F3FF}.Release|Any CPU.ActiveCfg = Release|Any CPU
		{829CAA74-5E0A-4DFA-A56B-0C374D05F3FF}.Release|Any CPU.Build.0 = Release|Any CPU
	EndGlobalSection
	GlobalSection(SolutionProperties) = preSolution
		HideSolutionNode = FALSE
	EndGlobalSection
	GlobalSection(ExtensibilityGlobals) = postSolution
		SolutionGuid = {DE508723-B93B-4F13-8BAE-54C52E5AB625}
	EndGlobalSection
EndGlobal
